
Microsoft Visual Studio Solution File, Format Version 11.00
# Visual Studio 2010
Project("{FAE04EC0-301F-11D3-BF4B-00C04F79EFBC}") = "HF_ShootingGame", "Assembly-CSharp-firstpass.csproj", "{1F83D11A-562F-DF3F-4994-7D2DF72E7E8E}"
EndProject
Project("{FAE04EC0-301F-11D3-BF4B-00C04F79EFBC}") = "HF_ShootingGame", "Assembly-CSharp.csproj", "{CA44E501-4A66-E145-15E4-5EAEA60A2460}"
EndProject
Project("{FAE04EC0-301F-11D3-BF4B-00C04F79EFBC}") = "HF_ShootingGame", "Assembly-CSharp-Editor-firstpass.csproj", "{5A6D6360-54AD-DB31-188A-D55A558ED91B}"
EndProject
Global
	GlobalSection(SolutionConfigurationPlatforms) = preSolution
		Debug|Any CPU = Debug|Any CPU
		Release|Any CPU = Release|Any CPU
	EndGlobalSection
	GlobalSection(ProjectConfigurationPlatforms) = postSolution
		{1F83D11A-562F-DF3F-4994-7D2DF72E7E8E}.Debug|Any CPU.ActiveCfg = Debug|Any CPU
		{1F83D11A-562F-DF3F-4994-7D2DF72E7E8E}.Debug|Any CPU.Build.0 = Debug|Any CPU
		{1F83D11A-562F-DF3F-4994-7D2DF72E7E8E}.Release|Any CPU.ActiveCfg = Release|Any CPU
		{1F83D11A-562F-DF3F-4994-7D2DF72E7E8E}.Release|Any CPU.Build.0 = Release|Any CPU
		{CA44E501-4A66-E145-15E4-5EAEA60A2460}.Debug|Any CPU.ActiveCfg = Debug|Any CPU
		{CA44E501-4A66-E145-15E4-5EAEA60A2460}.Debug|Any CPU.Build.0 = Debug|Any CPU
		{CA44E501-4A66-E145-15E4-5EAEA60A2460}.Release|Any CPU.ActiveCfg = Release|Any CPU
		{CA44E501-4A66-E145-15E4-5EAEA60A2460}.Release|Any CPU.Build.0 = Release|Any CPU
		{5A6D6360-54AD-DB31-188A-D55A558ED91B}.Debug|Any CPU.ActiveCfg = Debug|Any CPU
		{5A6D6360-54AD-DB31-188A-D55A558ED91B}.Debug|Any CPU.Build.0 = Debug|Any CPU
		{5A6D6360-54AD-DB31-188A-D55A558ED91B}.Release|Any CPU.ActiveCfg = Release|Any CPU
		{5A6D6360-54AD-DB31-188A-D55A558ED91B}.Release|Any CPU.Build.0 = Release|Any CPU
	EndGlobalSection
	GlobalSection(SolutionProperties) = preSolution
		HideSolutionNode = FALSE
	EndGlobalSection
	GlobalSection(MonoDevelopProperties) = preSolution
		StartupItem = Assembly-CSharp.csproj
	EndGlobalSection
EndGlobal
