
Microsoft Visual Studio Solution File, Format Version 12.00
# Visual Studio 2017
Project("{FAE04EC0-301F-11D3-BF4B-00C04F79EFBC}") = "ShootingGameProject.Plugins", "ShootingGameProject.Plugins.csproj", "{FB0C5084-C86E-57A6-8024-ADE109446E90}"
EndProject
Project("{FAE04EC0-301F-11D3-BF4B-00C04F79EFBC}") = "ShootingGameProject", "ShootingGameProject.csproj", "{801B8099-0B18-3E66-74A3-00638417CE7E}"
EndProject
Project("{FAE04EC0-301F-11D3-BF4B-00C04F79EFBC}") = "ShootingGameProject.Editor.Plugins", "ShootingGameProject.Editor.Plugins.csproj", "{208E681D-DA24-8EF1-287F-15D19E004859}"
EndProject
Global
	GlobalSection(SolutionConfigurationPlatforms) = preSolution
		Debug|Any CPU = Debug|Any CPU
		Release|Any CPU = Release|Any CPU
	EndGlobalSection
	GlobalSection(ProjectConfigurationPlatforms) = postSolution
		{FB0C5084-C86E-57A6-8024-ADE109446E90}.Debug|Any CPU.ActiveCfg = Debug|Any CPU
		{FB0C5084-C86E-57A6-8024-ADE109446E90}.Debug|Any CPU.Build.0 = Debug|Any CPU
		{FB0C5084-C86E-57A6-8024-ADE109446E90}.Release|Any CPU.ActiveCfg = Release|Any CPU
		{FB0C5084-C86E-57A6-8024-ADE109446E90}.Release|Any CPU.Build.0 = Release|Any CPU
		{801B8099-0B18-3E66-74A3-00638417CE7E}.Debug|Any CPU.ActiveCfg = Debug|Any CPU
		{801B8099-0B18-3E66-74A3-00638417CE7E}.Debug|Any CPU.Build.0 = Debug|Any CPU
		{801B8099-0B18-3E66-74A3-00638417CE7E}.Release|Any CPU.ActiveCfg = Release|Any CPU
		{801B8099-0B18-3E66-74A3-00638417CE7E}.Release|Any CPU.Build.0 = Release|Any CPU
		{208E681D-DA24-8EF1-287F-15D19E004859}.Debug|Any CPU.ActiveCfg = Debug|Any CPU
		{208E681D-DA24-8EF1-287F-15D19E004859}.Debug|Any CPU.Build.0 = Debug|Any CPU
		{208E681D-DA24-8EF1-287F-15D19E004859}.Release|Any CPU.ActiveCfg = Release|Any CPU
		{208E681D-DA24-8EF1-287F-15D19E004859}.Release|Any CPU.Build.0 = Release|Any CPU
	EndGlobalSection
	GlobalSection(SolutionProperties) = preSolution
		HideSolutionNode = FALSE
	EndGlobalSection
EndGlobal
